// !$*UTF8*$!
{
	archiveVersion = 1;
	classes = {
	};
	objectVersion = 51;
	objects = {

/* Begin PBXBuildFile section */
		1159660D26CC9C20005E60F5 /* ImageCache.swift in Sources */ = {isa = PBXBuildFile; fileRef = 1159660C26CC9C20005E60F5 /* ImageCache.swift */; };
		1159661126CC9CE3005E60F5 /* UIImageView+Extension.swift in Sources */ = {isa = PBXBuildFile; fileRef = 1159661026CC9CE3005E60F5 /* UIImageView+Extension.swift */; };
		1159661526CCBF0B005E60F5 /* UIViewController+Extension.swift in Sources */ = {isa = PBXBuildFile; fileRef = 1159661426CCBF0B005E60F5 /* UIViewController+Extension.swift */; };
		1159661926CCC365005E60F5 /* Network.swift in Sources */ = {isa = PBXBuildFile; fileRef = 1159661826CCC365005E60F5 /* Network.swift */; };
		1159661D26CCC62B005E60F5 /* RepositoryAPI.swift in Sources */ = {isa = PBXBuildFile; fileRef = 1159661C26CCC62B005E60F5 /* RepositoryAPI.swift */; };
		1159662026CCEFE1005E60F5 /* APIService.swift in Sources */ = {isa = PBXBuildFile; fileRef = 1159661F26CCEFE1005E60F5 /* APIService.swift */; };
		1159662326CCF06E005E60F5 /* CustomError.swift in Sources */ = {isa = PBXBuildFile; fileRef = 1159662226CCF06E005E60F5 /* CustomError.swift */; };
		1159662626CCF228005E60F5 /* ResponseThoiTiet.swift in Sources */ = {isa = PBXBuildFile; fileRef = 1159662526CCF228005E60F5 /* ResponseThoiTiet.swift */; };
		1159662926CCF268005E60F5 /* ResponseThoiTiet6Ngay.swift in Sources */ = {isa = PBXBuildFile; fileRef = 1159662826CCF268005E60F5 /* ResponseThoiTiet6Ngay.swift */; };
		116C1E1224E77F31003FCBC0 /* AppDelegate.swift in Sources */ = {isa = PBXBuildFile; fileRef = 116C1E1124E77F31003FCBC0 /* AppDelegate.swift */; };
		116C1E1424E77F31003FCBC0 /* SceneDelegate.swift in Sources */ = {isa = PBXBuildFile; fileRef = 116C1E1324E77F31003FCBC0 /* SceneDelegate.swift */; };
		116C1E1624E77F31003FCBC0 /* ViewController.swift in Sources */ = {isa = PBXBuildFile; fileRef = 116C1E1524E77F31003FCBC0 /* ViewController.swift */; };
		116C1E1924E77F31003FCBC0 /* Main.storyboard in Resources */ = {isa = PBXBuildFile; fileRef = 116C1E1724E77F31003FCBC0 /* Main.storyboard */; };
		116C1E1B24E77F34003FCBC0 /* Assets.xcassets in Resources */ = {isa = PBXBuildFile; fileRef = 116C1E1A24E77F34003FCBC0 /* Assets.xcassets */; };
		116C1E1E24E77F34003FCBC0 /* LaunchScreen.storyboard in Resources */ = {isa = PBXBuildFile; fileRef = 116C1E1C24E77F34003FCBC0 /* LaunchScreen.storyboard */; };
		116C1E2724E783A1003FCBC0 /* example.json in Resources */ = {isa = PBXBuildFile; fileRef = 116C1E2624E783A1003FCBC0 /* example.json */; };
		11C7FA0426C3942A00850C4B /* Model.swift in Sources */ = {isa = PBXBuildFile; fileRef = 11C7FA0326C3942A00850C4B /* Model.swift */; };
		11C7FA0926C3CF0700850C4B /* Model2.swift in Sources */ = {isa = PBXBuildFile; fileRef = 11C7FA0826C3CF0700850C4B /* Model2.swift */; };
		11C7FA1026C3F1AC00850C4B /* TableViewCellWeather.swift in Sources */ = {isa = PBXBuildFile; fileRef = 11C7FA0F26C3F1AC00850C4B /* TableViewCellWeather.swift */; };
		11C7FA1426C3F1D300850C4B /* ViewController7Ngay.swift in Sources */ = {isa = PBXBuildFile; fileRef = 11C7FA1326C3F1D300850C4B /* ViewController7Ngay.swift */; };
		B5EAA6AF3504A2727283CDB6 /* Pods_ReadJson.framework in Frameworks */ = {isa = PBXBuildFile; fileRef = A79EE890D2ADD5411B58BDE9 /* Pods_ReadJson.framework */; };
/* End PBXBuildFile section */

/* Begin PBXFileReference section */
		1159660C26CC9C20005E60F5 /* ImageCache.swift */ = {isa = PBXFileReference; lastKnownFileType = sourcecode.swift; path = ImageCache.swift; sourceTree = "<group>"; };
		1159661026CC9CE3005E60F5 /* UIImageView+Extension.swift */ = {isa = PBXFileReference; lastKnownFileType = sourcecode.swift; path = "UIImageView+Extension.swift"; sourceTree = "<group>"; };
		1159661426CCBF0B005E60F5 /* UIViewController+Extension.swift */ = {isa = PBXFileReference; lastKnownFileType = sourcecode.swift; path = "UIViewController+Extension.swift"; sourceTree = "<group>"; };
		1159661826CCC365005E60F5 /* Network.swift */ = {isa = PBXFileReference; lastKnownFileType = sourcecode.swift; path = Network.swift; sourceTree = "<group>"; };
		1159661C26CCC62B005E60F5 /* RepositoryAPI.swift */ = {isa = PBXFileReference; lastKnownFileType = sourcecode.swift; path = RepositoryAPI.swift; sourceTree = "<group>"; };
		1159661F26CCEFE1005E60F5 /* APIService.swift */ = {isa = PBXFileReference; lastKnownFileType = sourcecode.swift; path = APIService.swift; sourceTree = "<group>"; };
		1159662226CCF06E005E60F5 /* CustomError.swift */ = {isa = PBXFileReference; lastKnownFileType = sourcecode.swift; path = CustomError.swift; sourceTree = "<group>"; };
		1159662526CCF228005E60F5 /* ResponseThoiTiet.swift */ = {isa = PBXFileReference; lastKnownFileType = sourcecode.swift; path = ResponseThoiTiet.swift; sourceTree = "<group>"; };
		1159662826CCF268005E60F5 /* ResponseThoiTiet6Ngay.swift */ = {isa = PBXFileReference; lastKnownFileType = sourcecode.swift; path = ResponseThoiTiet6Ngay.swift; sourceTree = "<group>"; };
		116C1E0E24E77F31003FCBC0 /* ReadJson.app */ = {isa = PBXFileReference; explicitFileType = wrapper.application; includeInIndex = 0; path = ReadJson.app; sourceTree = BUILT_PRODUCTS_DIR; };
		116C1E1124E77F31003FCBC0 /* AppDelegate.swift */ = {isa = PBXFileReference; lastKnownFileType = sourcecode.swift; path = AppDelegate.swift; sourceTree = "<group>"; };
		116C1E1324E77F31003FCBC0 /* SceneDelegate.swift */ = {isa = PBXFileReference; lastKnownFileType = sourcecode.swift; path = SceneDelegate.swift; sourceTree = "<group>"; };
		116C1E1524E77F31003FCBC0 /* ViewController.swift */ = {isa = PBXFileReference; lastKnownFileType = sourcecode.swift; path = ViewController.swift; sourceTree = "<group>"; };
		116C1E1824E77F31003FCBC0 /* Base */ = {isa = PBXFileReference; lastKnownFileType = file.storyboard; name = Base; path = Base.lproj/Main.storyboard; sourceTree = "<group>"; };
		116C1E1A24E77F34003FCBC0 /* Assets.xcassets */ = {isa = PBXFileReference; lastKnownFileType = folder.assetcatalog; path = Assets.xcassets; sourceTree = "<group>"; };
		116C1E1D24E77F34003FCBC0 /* Base */ = {isa = PBXFileReference; lastKnownFileType = file.storyboard; name = Base; path = Base.lproj/LaunchScreen.storyboard; sourceTree = "<group>"; };
		116C1E1F24E77F34003FCBC0 /* Info.plist */ = {isa = PBXFileReference; lastKnownFileType = text.plist.xml; path = Info.plist; sourceTree = "<group>"; };
		116C1E2624E783A1003FCBC0 /* example.json */ = {isa = PBXFileReference; fileEncoding = 4; lastKnownFileType = text.json; path = example.json; sourceTree = "<group>"; };
		11C7FA0326C3942A00850C4B /* Model.swift */ = {isa = PBXFileReference; lastKnownFileType = sourcecode.swift; path = Model.swift; sourceTree = "<group>"; };
		11C7FA0826C3CF0700850C4B /* Model2.swift */ = {isa = PBXFileReference; lastKnownFileType = sourcecode.swift; path = Model2.swift; sourceTree = "<group>"; };
		11C7FA0F26C3F1AC00850C4B /* TableViewCellWeather.swift */ = {isa = PBXFileReference; lastKnownFileType = sourcecode.swift; path = TableViewCellWeather.swift; sourceTree = "<group>"; };
		11C7FA1326C3F1D300850C4B /* ViewController7Ngay.swift */ = {isa = PBXFileReference; lastKnownFileType = sourcecode.swift; path = ViewController7Ngay.swift; sourceTree = "<group>"; };
		40D983741D394F892587A91C /* Pods-ReadJson.debug.xcconfig */ = {isa = PBXFileReference; includeInIndex = 1; lastKnownFileType = text.xcconfig; name = "Pods-ReadJson.debug.xcconfig"; path = "Target Support Files/Pods-ReadJson/Pods-ReadJson.debug.xcconfig"; sourceTree = "<group>"; };
		95C20CE3027561F26C5E046C /* Pods-ReadJson.release.xcconfig */ = {isa = PBXFileReference; includeInIndex = 1; lastKnownFileType = text.xcconfig; name = "Pods-ReadJson.release.xcconfig"; path = "Target Support Files/Pods-ReadJson/Pods-ReadJson.release.xcconfig"; sourceTree = "<group>"; };
		A79EE890D2ADD5411B58BDE9 /* Pods_ReadJson.framework */ = {isa = PBXFileReference; explicitFileType = wrapper.framework; includeInIndex = 0; path = Pods_ReadJson.framework; sourceTree = BUILT_PRODUCTS_DIR; };
/* End PBXFileReference section */

/* Begin PBXFrameworksBuildPhase section */
		116C1E0B24E77F31003FCBC0 /* Frameworks */ = {
			isa = PBXFrameworksBuildPhase;
			buildActionMask = 2147483647;
			files = (
				B5EAA6AF3504A2727283CDB6 /* Pods_ReadJson.framework in Frameworks */,
			);
			runOnlyForDeploymentPostprocessing = 0;
		};
/* End PBXFrameworksBuildPhase section */

/* Begin PBXGroup section */
		1159660F26CC9CBD005E60F5 /* Extension */ = {
			isa = PBXGroup;
			children = (
				1159661026CC9CE3005E60F5 /* UIImageView+Extension.swift */,
				1159661426CCBF0B005E60F5 /* UIViewController+Extension.swift */,
			);
			path = Extension;
			sourceTree = "<group>";
		};
		1159661726CCC326005E60F5 /* Networking */ = {
			isa = PBXGroup;
			children = (
				1159661826CCC365005E60F5 /* Network.swift */,
				1159661C26CCC62B005E60F5 /* RepositoryAPI.swift */,
				1159661F26CCEFE1005E60F5 /* APIService.swift */,
			);
			path = Networking;
			sourceTree = "<group>";
		};
		116C1E0524E77F31003FCBC0 = {
			isa = PBXGroup;
			children = (
				116C1E1024E77F31003FCBC0 /* ReadJson */,
				116C1E0F24E77F31003FCBC0 /* Products */,
				3F678DBA89A5B5DBB09FA059 /* Pods */,
				82BC2A4AEFC9F9309BA67ED5 /* Frameworks */,
			);
			sourceTree = "<group>";
		};
		116C1E0F24E77F31003FCBC0 /* Products */ = {
			isa = PBXGroup;
			children = (
				116C1E0E24E77F31003FCBC0 /* ReadJson.app */,
			);
			name = Products;
			sourceTree = "<group>";
		};
		116C1E1024E77F31003FCBC0 /* ReadJson */ = {
			isa = PBXGroup;
			children = (
				1159661726CCC326005E60F5 /* Networking */,
				1159660F26CC9CBD005E60F5 /* Extension */,
				11C7FA0E26C3F18E00850C4B /* Control */,
				11C7FA0D26C3F18900850C4B /* View */,
				11C7FA0C26C3F17F00850C4B /* Model */,
				116C1E1124E77F31003FCBC0 /* AppDelegate.swift */,
				116C1E1324E77F31003FCBC0 /* SceneDelegate.swift */,
				116C1E1724E77F31003FCBC0 /* Main.storyboard */,
				116C1E1A24E77F34003FCBC0 /* Assets.xcassets */,
				116C1E1C24E77F34003FCBC0 /* LaunchScreen.storyboard */,
				116C1E1F24E77F34003FCBC0 /* Info.plist */,
				116C1E2624E783A1003FCBC0 /* example.json */,
			);
			path = ReadJson;
			sourceTree = "<group>";
		};
		11C7FA0C26C3F17F00850C4B /* Model */ = {
			isa = PBXGroup;
			children = (
				11C7FA0326C3942A00850C4B /* Model.swift */,
				11C7FA0826C3CF0700850C4B /* Model2.swift */,
				1159660C26CC9C20005E60F5 /* ImageCache.swift */,
				1159662226CCF06E005E60F5 /* CustomError.swift */,
				1159662526CCF228005E60F5 /* ResponseThoiTiet.swift */,
				1159662826CCF268005E60F5 /* ResponseThoiTiet6Ngay.swift */,
			);
			path = Model;
			sourceTree = "<group>";
		};
		11C7FA0D26C3F18900850C4B /* View */ = {
			isa = PBXGroup;
			children = (
				11C7FA0F26C3F1AC00850C4B /* TableViewCellWeather.swift */,
			);
			path = View;
			sourceTree = "<group>";
		};
		11C7FA0E26C3F18E00850C4B /* Control */ = {
			isa = PBXGroup;
			children = (
				116C1E1524E77F31003FCBC0 /* ViewController.swift */,
				11C7FA1326C3F1D300850C4B /* ViewController7Ngay.swift */,
			);
			path = Control;
			sourceTree = "<group>";
		};
		3F678DBA89A5B5DBB09FA059 /* Pods */ = {
			isa = PBXGroup;
			children = (
				40D983741D394F892587A91C /* Pods-ReadJson.debug.xcconfig */,
				95C20CE3027561F26C5E046C /* Pods-ReadJson.release.xcconfig */,
			);
			path = Pods;
			sourceTree = "<group>";
		};
		82BC2A4AEFC9F9309BA67ED5 /* Frameworks */ = {
			isa = PBXGroup;
			children = (
				A79EE890D2ADD5411B58BDE9 /* Pods_ReadJson.framework */,
			);
			name = Frameworks;
			sourceTree = "<group>";
		};
/* End PBXGroup section */

/* Begin PBXNativeTarget section */
		116C1E0D24E77F31003FCBC0 /* ReadJson */ = {
			isa = PBXNativeTarget;
			buildConfigurationList = 116C1E2224E77F34003FCBC0 /* Build configuration list for PBXNativeTarget "ReadJson" */;
			buildPhases = (
				39FC3B15B16F43268DD31A27 /* [CP] Check Pods Manifest.lock */,
				116C1E0A24E77F31003FCBC0 /* Sources */,
				116C1E0B24E77F31003FCBC0 /* Frameworks */,
				116C1E0C24E77F31003FCBC0 /* Resources */,
				34DBF6A5BCAC317FDC34FC39 /* [CP] Embed Pods Frameworks */,
			);
			buildRules = (
			);
			dependencies = (
			);
			name = ReadJson;
			productName = ReadJson;
			productReference = 116C1E0E24E77F31003FCBC0 /* ReadJson.app */;
			productType = "com.apple.product-type.application";
		};
/* End PBXNativeTarget section */

/* Begin PBXProject section */
		116C1E0624E77F31003FCBC0 /* Project object */ = {
			isa = PBXProject;
			attributes = {
				LastSwiftUpdateCheck = 1150;
				LastUpgradeCheck = 1150;
				ORGANIZATIONNAME = "trần nam";
				TargetAttributes = {
					116C1E0D24E77F31003FCBC0 = {
						CreatedOnToolsVersion = 11.5;
					};
				};
			};
			buildConfigurationList = 116C1E0924E77F31003FCBC0 /* Build configuration list for PBXProject "ReadJson" */;
			compatibilityVersion = "Xcode 9.3";
			developmentRegion = en;
			hasScannedForEncodings = 0;
			knownRegions = (
				en,
				Base,
			);
			mainGroup = 116C1E0524E77F31003FCBC0;
			productRefGroup = 116C1E0F24E77F31003FCBC0 /* Products */;
			projectDirPath = "";
			projectRoot = "";
			targets = (
				116C1E0D24E77F31003FCBC0 /* ReadJson */,
			);
		};
/* End PBXProject section */

/* Begin PBXResourcesBuildPhase section */
		116C1E0C24E77F31003FCBC0 /* Resources */ = {
			isa = PBXResourcesBuildPhase;
			buildActionMask = 2147483647;
			files = (
				116C1E2724E783A1003FCBC0 /* example.json in Resources */,
				116C1E1E24E77F34003FCBC0 /* LaunchScreen.storyboard in Resources */,
				116C1E1B24E77F34003FCBC0 /* Assets.xcassets in Resources */,
				116C1E1924E77F31003FCBC0 /* Main.storyboard in Resources */,
			);
			runOnlyForDeploymentPostprocessing = 0;
		};
/* End PBXResourcesBuildPhase section */

/* Begin PBXShellScriptBuildPhase section */
		34DBF6A5BCAC317FDC34FC39 /* [CP] Embed Pods Frameworks */ = {
			isa = PBXShellScriptBuildPhase;
			buildActionMask = 2147483647;
			files = (
			);
			inputFileListPaths = (
				"${PODS_ROOT}/Target Support Files/Pods-ReadJson/Pods-ReadJson-frameworks-${CONFIGURATION}-input-files.xcfilelist",
			);
			name = "[CP] Embed Pods Frameworks";
			outputFileListPaths = (
				"${PODS_ROOT}/Target Support Files/Pods-ReadJson/Pods-ReadJson-frameworks-${CONFIGURATION}-output-files.xcfilelist",
			);
			runOnlyForDeploymentPostprocessing = 0;
			shellPath = /bin/sh;
			shellScript = "\"${PODS_ROOT}/Target Support Files/Pods-ReadJson/Pods-ReadJson-frameworks.sh\"\n";
			showEnvVarsInLog = 0;
		};
		39FC3B15B16F43268DD31A27 /* [CP] Check Pods Manifest.lock */ = {
			isa = PBXShellScriptBuildPhase;
			buildActionMask = 2147483647;
			files = (
			);
			inputFileListPaths = (
			);
			inputPaths = (
				"${PODS_PODFILE_DIR_PATH}/Podfile.lock",
				"${PODS_ROOT}/Manifest.lock",
			);
			name = "[CP] Check Pods Manifest.lock";
			outputFileListPaths = (
			);
			outputPaths = (
				"$(DERIVED_FILE_DIR)/Pods-ReadJson-checkManifestLockResult.txt",
			);
			runOnlyForDeploymentPostprocessing = 0;
			shellPath = /bin/sh;
			shellScript = "diff \"${PODS_PODFILE_DIR_PATH}/Podfile.lock\" \"${PODS_ROOT}/Manifest.lock\" > /dev/null\nif [ $? != 0 ] ; then\n    # print error to STDERR\n    echo \"error: The sandbox is not in sync with the Podfile.lock. Run 'pod install' or update your CocoaPods installation.\" >&2\n    exit 1\nfi\n# This output is used by Xcode 'outputs' to avoid re-running this script phase.\necho \"SUCCESS\" > \"${SCRIPT_OUTPUT_FILE_0}\"\n";
			showEnvVarsInLog = 0;
		};
/* End PBXShellScriptBuildPhase section */

/* Begin PBXSourcesBuildPhase section */
		116C1E0A24E77F31003FCBC0 /* Sources */ = {
			isa = PBXSourcesBuildPhase;
			buildActionMask = 2147483647;
			files = (
				1159661D26CCC62B005E60F5 /* RepositoryAPI.swift in Sources */,
				11C7FA0926C3CF0700850C4B /* Model2.swift in Sources */,
				116C1E1624E77F31003FCBC0 /* ViewController.swift in Sources */,
				1159660D26CC9C20005E60F5 /* ImageCache.swift in Sources */,
				1159662926CCF268005E60F5 /* ResponseThoiTiet6Ngay.swift in Sources */,
				1159661126CC9CE3005E60F5 /* UIImageView+Extension.swift in Sources */,
				11C7FA1426C3F1D300850C4B /* ViewController7Ngay.swift in Sources */,
				1159661926CCC365005E60F5 /* Network.swift in Sources */,
				1159662626CCF228005E60F5 /* ResponseThoiTiet.swift in Sources */,
				1159662326CCF06E005E60F5 /* CustomError.swift in Sources */,
				11C7FA1026C3F1AC00850C4B /* TableViewCellWeather.swift in Sources */,
				116C1E1224E77F31003FCBC0 /* AppDelegate.swift in Sources */,
				1159662026CCEFE1005E60F5 /* APIService.swift in Sources */,
				11C7FA0426C3942A00850C4B /* Model.swift in Sources */,
				1159661526CCBF0B005E60F5 /* UIViewController+Extension.swift in Sources */,
				116C1E1424E77F31003FCBC0 /* SceneDelegate.swift in Sources */,
			);
			runOnlyForDeploymentPostprocessing = 0;
		};
/* End PBXSourcesBuildPhase section */

/* Begin PBXVariantGroup section */
		116C1E1724E77F31003FCBC0 /* Main.storyboard */ = {
			isa = PBXVariantGroup;
			children = (
				116C1E1824E77F31003FCBC0 /* Base */,
			);
			name = Main.storyboard;
			sourceTree = "<group>";
		};
		116C1E1C24E77F34003FCBC0 /* LaunchScreen.storyboard */ = {
			isa = PBXVariantGroup;
			children = (
				116C1E1D24E77F34003FCBC0 /* Base */,
			);
			name = LaunchScreen.storyboard;
			sourceTree = "<group>";
		};
/* End PBXVariantGroup section */

/* Begin XCBuildConfiguration section */
		116C1E2024E77F34003FCBC0 /* Debug */ = {
			isa = XCBuildConfiguration;
			buildSettings = {
				ALWAYS_SEARCH_USER_PATHS = NO;
				CLANG_ANALYZER_NONNULL = YES;
				CLANG_ANALYZER_NUMBER_OBJECT_CONVERSION = YES_AGGRESSIVE;
				CLANG_CXX_LANGUAGE_STANDARD = "gnu++14";
				CLANG_CXX_LIBRARY = "libc++";
				CLANG_ENABLE_MODULES = YES;
				CLANG_ENABLE_OBJC_ARC = YES;
				CLANG_ENABLE_OBJC_WEAK = YES;
				CLANG_WARN_BLOCK_CAPTURE_AUTORELEASING = YES;
				CLANG_WARN_BOOL_CONVERSION = YES;
				CLANG_WARN_COMMA = YES;
				CLANG_WARN_CONSTANT_CONVERSION = YES;
				CLANG_WARN_DEPRECATED_OBJC_IMPLEMENTATIONS = YES;
				CLANG_WARN_DIRECT_OBJC_ISA_USAGE = YES_ERROR;
				CLANG_WARN_DOCUMENTATION_COMMENTS = YES;
				CLANG_WARN_EMPTY_BODY = YES;
				CLANG_WARN_ENUM_CONVERSION = YES;
				CLANG_WARN_INFINITE_RECURSION = YES;
				CLANG_WARN_INT_CONVERSION = YES;
				CLANG_WARN_NON_LITERAL_NULL_CONVERSION = YES;
				CLANG_WARN_OBJC_IMPLICIT_RETAIN_SELF = YES;
				CLANG_WARN_OBJC_LITERAL_CONVERSION = YES;
				CLANG_WARN_OBJC_ROOT_CLASS = YES_ERROR;
				CLANG_WARN_RANGE_LOOP_ANALYSIS = YES;
				CLANG_WARN_STRICT_PROTOTYPES = YES;
				CLANG_WARN_SUSPICIOUS_MOVE = YES;
				CLANG_WARN_UNGUARDED_AVAILABILITY = YES_AGGRESSIVE;
				CLANG_WARN_UNREACHABLE_CODE = YES;
				CLANG_WARN__DUPLICATE_METHOD_MATCH = YES;
				COPY_PHASE_STRIP = NO;
				DEBUG_INFORMATION_FORMAT = dwarf;
				ENABLE_STRICT_OBJC_MSGSEND = YES;
				ENABLE_TESTABILITY = YES;
				GCC_C_LANGUAGE_STANDARD = gnu11;
				GCC_DYNAMIC_NO_PIC = NO;
				GCC_NO_COMMON_BLOCKS = YES;
				GCC_OPTIMIZATION_LEVEL = 0;
				GCC_PREPROCESSOR_DEFINITIONS = (
					"DEBUG=1",
					"$(inherited)",
				);
				GCC_WARN_64_TO_32_BIT_CONVERSION = YES;
				GCC_WARN_ABOUT_RETURN_TYPE = YES_ERROR;
				GCC_WARN_UNDECLARED_SELECTOR = YES;
				GCC_WARN_UNINITIALIZED_AUTOS = YES_AGGRESSIVE;
				GCC_WARN_UNUSED_FUNCTION = YES;
				GCC_WARN_UNUSED_VARIABLE = YES;
				IPHONEOS_DEPLOYMENT_TARGET = 13.5;
				MTL_ENABLE_DEBUG_INFO = INCLUDE_SOURCE;
				MTL_FAST_MATH = YES;
				ONLY_ACTIVE_ARCH = YES;
				SDKROOT = iphoneos;
				SWIFT_ACTIVE_COMPILATION_CONDITIONS = DEBUG;
				SWIFT_OPTIMIZATION_LEVEL = "-Onone";
			};
			name = Debug;
		};
		116C1E2124E77F34003FCBC0 /* Release */ = {
			isa = XCBuildConfiguration;
			buildSettings = {
				ALWAYS_SEARCH_USER_PATHS = NO;
				CLANG_ANALYZER_NONNULL = YES;
				CLANG_ANALYZER_NUMBER_OBJECT_CONVERSION = YES_AGGRESSIVE;
				CLANG_CXX_LANGUAGE_STANDARD = "gnu++14";
				CLANG_CXX_LIBRARY = "libc++";
				CLANG_ENABLE_MODULES = YES;
				CLANG_ENABLE_OBJC_ARC = YES;
				CLANG_ENABLE_OBJC_WEAK = YES;
				CLANG_WARN_BLOCK_CAPTURE_AUTORELEASING = YES;
				CLANG_WARN_BOOL_CONVERSION = YES;
				CLANG_WARN_COMMA = YES;
				CLANG_WARN_CONSTANT_CONVERSION = YES;
				CLANG_WARN_DEPRECATED_OBJC_IMPLEMENTATIONS = YES;
				CLANG_WARN_DIRECT_OBJC_ISA_USAGE = YES_ERROR;
				CLANG_WARN_DOCUMENTATION_COMMENTS = YES;
				CLANG_WARN_EMPTY_BODY = YES;
				CLANG_WARN_ENUM_CONVERSION = YES;
				CLANG_WARN_INFINITE_RECURSION = YES;
				CLANG_WARN_INT_CONVERSION = YES;
				CLANG_WARN_NON_LITERAL_NULL_CONVERSION = YES;
				CLANG_WARN_OBJC_IMPLICIT_RETAIN_SELF = YES;
				CLANG_WARN_OBJC_LITERAL_CONVERSION = YES;
				CLANG_WARN_OBJC_ROOT_CLASS = YES_ERROR;
				CLANG_WARN_RANGE_LOOP_ANALYSIS = YES;
				CLANG_WARN_STRICT_PROTOTYPES = YES;
				CLANG_WARN_SUSPICIOUS_MOVE = YES;
				CLANG_WARN_UNGUARDED_AVAILABILITY = YES_AGGRESSIVE;
				CLANG_WARN_UNREACHABLE_CODE = YES;
				CLANG_WARN__DUPLICATE_METHOD_MATCH = YES;
				COPY_PHASE_STRIP = NO;
				DEBUG_INFORMATION_FORMAT = "dwarf-with-dsym";
				ENABLE_NS_ASSERTIONS = NO;
				ENABLE_STRICT_OBJC_MSGSEND = YES;
				GCC_C_LANGUAGE_STANDARD = gnu11;
				GCC_NO_COMMON_BLOCKS = YES;
				GCC_WARN_64_TO_32_BIT_CONVERSION = YES;
				GCC_WARN_ABOUT_RETURN_TYPE = YES_ERROR;
				GCC_WARN_UNDECLARED_SELECTOR = YES;
				GCC_WARN_UNINITIALIZED_AUTOS = YES_AGGRESSIVE;
				GCC_WARN_UNUSED_FUNCTION = YES;
				GCC_WARN_UNUSED_VARIABLE = YES;
				IPHONEOS_DEPLOYMENT_TARGET = 13.5;
				MTL_ENABLE_DEBUG_INFO = NO;
				MTL_FAST_MATH = YES;
				SDKROOT = iphoneos;
				SWIFT_COMPILATION_MODE = wholemodule;
				SWIFT_OPTIMIZATION_LEVEL = "-O";
				VALIDATE_PRODUCT = YES;
			};
			name = Release;
		};
		116C1E2324E77F34003FCBC0 /* Debug */ = {
			isa = XCBuildConfiguration;
			baseConfigurationReference = 40D983741D394F892587A91C /* Pods-ReadJson.debug.xcconfig */;
			buildSettings = {
				ASSETCATALOG_COMPILER_APPICON_NAME = AppIcon;
				CODE_SIGN_STYLE = Automatic;
				INFOPLIST_FILE = ReadJson/Info.plist;
				LD_RUNPATH_SEARCH_PATHS = (
					"$(inherited)",
					"@executable_path/Frameworks",
				);
				PRODUCT_BUNDLE_IDENTIFIER = vn.example.ReadJson;
				PRODUCT_NAME = "$(TARGET_NAME)";
				SWIFT_VERSION = 5.0;
				TARGETED_DEVICE_FAMILY = "1,2";
			};
			name = Debug;
		};
		116C1E2424E77F34003FCBC0 /* Release */ = {
			isa = XCBuildConfiguration;
			baseConfigurationReference = 95C20CE3027561F26C5E046C /* Pods-ReadJson.release.xcconfig */;
			buildSettings = {
				ASSETCATALOG_COMPILER_APPICON_NAME = AppIcon;
				CODE_SIGN_STYLE = Automatic;
				INFOPLIST_FILE = ReadJson/Info.plist;
				LD_RUNPATH_SEARCH_PATHS = (
					"$(inherited)",
					"@executable_path/Frameworks",
				);
				PRODUCT_BUNDLE_IDENTIFIER = vn.example.ReadJson;
				PRODUCT_NAME = "$(TARGET_NAME)";
				SWIFT_VERSION = 5.0;
				TARGETED_DEVICE_FAMILY = "1,2";
			};
			name = Release;
		};
/* End XCBuildConfiguration section */

/* Begin XCConfigurationList section */
		116C1E0924E77F31003FCBC0 /* Build configuration list for PBXProject "ReadJson" */ = {
			isa = XCConfigurationList;
			buildConfigurations = (
				116C1E2024E77F34003FCBC0 /* Debug */,
				116C1E2124E77F34003FCBC0 /* Release */,
			);
			defaultConfigurationIsVisible = 0;
			defaultConfigurationName = Release;
		};
		116C1E2224E77F34003FCBC0 /* Build configuration list for PBXNativeTarget "ReadJson" */ = {
			isa = XCConfigurationList;
			buildConfigurations = (
				116C1E2324E77F34003FCBC0 /* Debug */,
				116C1E2424E77F34003FCBC0 /* Release */,
			);
			defaultConfigurationIsVisible = 0;
			defaultConfigurationName = Release;
		};
/* End XCConfigurationList section */
	};
	rootObject = 116C1E0624E77F31003FCBC0 /* Project object */;
}
